// !$*UTF8*$!
{
	archiveVersion = 1;
	classes = {
	};
	objectVersion = 56;
	objects = {

/* Begin PBXBuildFile section */
		7BDD67482B512EA20044341D /* AppDelegate.swift in Sources */ = {isa = PBXBuildFile; fileRef = 7BDD67472B512EA20044341D /* AppDelegate.swift */; };
		7BDD674A2B512EA20044341D /* SceneDelegate.swift in Sources */ = {isa = PBXBuildFile; fileRef = 7BDD67492B512EA20044341D /* SceneDelegate.swift */; };
		7BDD674C2B512EA20044341D /* ViewController.swift in Sources */ = {isa = PBXBuildFile; fileRef = 7BDD674B2B512EA20044341D /* ViewController.swift */; };
		7BDD674F2B512EA20044341D /* Main.storyboard in Resources */ = {isa = PBXBuildFile; fileRef = 7BDD674D2B512EA20044341D /* Main.storyboard */; };
		7BDD67512B512EA40044341D /* Assets.xcassets in Resources */ = {isa = PBXBuildFile; fileRef = 7BDD67502B512EA40044341D /* Assets.xcassets */; };
		7BDD67542B512EA40044341D /* LaunchScreen.storyboard in Resources */ = {isa = PBXBuildFile; fileRef = 7BDD67522B512EA40044341D /* LaunchScreen.storyboard */; };
		7BDD675E2B512FB80044341D /* ChattingData.swift in Sources */ = {isa = PBXBuildFile; fileRef = 7BDD675D2B512FB80044341D /* ChattingData.swift */; };
		7BDD67672B5134DF0044341D /* TravelChattingListTableViewCell.swift in Sources */ = {isa = PBXBuildFile; fileRef = 7BDD67652B5134DF0044341D /* TravelChattingListTableViewCell.swift */; };
		7BDD67682B5134DF0044341D /* TravelChattingListTableViewCell.xib in Resources */ = {isa = PBXBuildFile; fileRef = 7BDD67662B5134DF0044341D /* TravelChattingListTableViewCell.xib */; };
		7BDD676C2B513C530044341D /* TravelChattingListViewController.swift in Sources */ = {isa = PBXBuildFile; fileRef = 7BDD676B2B513C530044341D /* TravelChattingListViewController.swift */; };
		7BDD676F2B5140700044341D /* Kingfisher in Frameworks */ = {isa = PBXBuildFile; productRef = 7BDD676E2B5140700044341D /* Kingfisher */; };
		7BDD67722B5166420044341D /* TravelTalkDesign.swift in Sources */ = {isa = PBXBuildFile; fileRef = 7BDD67712B5166420044341D /* TravelTalkDesign.swift */; };
		7BDD67752B517E4F0044341D /* ChattingRoomStoryboard.storyboard in Resources */ = {isa = PBXBuildFile; fileRef = 7BDD67742B517E4F0044341D /* ChattingRoomStoryboard.storyboard */; };
		7BDD67782B51886D0044341D /* LeftUserChattingTableViewCell.swift in Sources */ = {isa = PBXBuildFile; fileRef = 7BDD67762B51886D0044341D /* LeftUserChattingTableViewCell.swift */; };
		7BDD67792B51886D0044341D /* LeftUserChattingTableViewCell.xib in Resources */ = {isa = PBXBuildFile; fileRef = 7BDD67772B51886D0044341D /* LeftUserChattingTableViewCell.xib */; };
		7BDD677B2B5188D20044341D /* ChattingRoomViewController.swift in Sources */ = {isa = PBXBuildFile; fileRef = 7BDD677A2B5188D20044341D /* ChattingRoomViewController.swift */; };
/* End PBXBuildFile section */

/* Begin PBXFileReference section */
		7BDD67442B512EA20044341D /* TravelChat.app */ = {isa = PBXFileReference; explicitFileType = wrapper.application; includeInIndex = 0; path = TravelChat.app; sourceTree = BUILT_PRODUCTS_DIR; };
		7BDD67472B512EA20044341D /* AppDelegate.swift */ = {isa = PBXFileReference; lastKnownFileType = sourcecode.swift; path = AppDelegate.swift; sourceTree = "<group>"; };
		7BDD67492B512EA20044341D /* SceneDelegate.swift */ = {isa = PBXFileReference; lastKnownFileType = sourcecode.swift; path = SceneDelegate.swift; sourceTree = "<group>"; };
		7BDD674B2B512EA20044341D /* ViewController.swift */ = {isa = PBXFileReference; lastKnownFileType = sourcecode.swift; path = ViewController.swift; sourceTree = "<group>"; };
		7BDD674E2B512EA20044341D /* Base */ = {isa = PBXFileReference; lastKnownFileType = file.storyboard; name = Base; path = Base.lproj/Main.storyboard; sourceTree = "<group>"; };
		7BDD67502B512EA40044341D /* Assets.xcassets */ = {isa = PBXFileReference; lastKnownFileType = folder.assetcatalog; path = Assets.xcassets; sourceTree = "<group>"; };
		7BDD67532B512EA40044341D /* Base */ = {isa = PBXFileReference; lastKnownFileType = file.storyboard; name = Base; path = Base.lproj/LaunchScreen.storyboard; sourceTree = "<group>"; };
		7BDD67552B512EA40044341D /* Info.plist */ = {isa = PBXFileReference; lastKnownFileType = text.plist.xml; path = Info.plist; sourceTree = "<group>"; };
		7BDD675D2B512FB80044341D /* ChattingData.swift */ = {isa = PBXFileReference; fileEncoding = 4; lastKnownFileType = sourcecode.swift; name = ChattingData.swift; path = TravelChat/Model/ChattingData.swift; sourceTree = SOURCE_ROOT; };
		7BDD67652B5134DF0044341D /* TravelChattingListTableViewCell.swift */ = {isa = PBXFileReference; lastKnownFileType = sourcecode.swift; path = TravelChattingListTableViewCell.swift; sourceTree = "<group>"; };
		7BDD67662B5134DF0044341D /* TravelChattingListTableViewCell.xib */ = {isa = PBXFileReference; lastKnownFileType = file.xib; path = TravelChattingListTableViewCell.xib; sourceTree = "<group>"; };
		7BDD676B2B513C530044341D /* TravelChattingListViewController.swift */ = {isa = PBXFileReference; lastKnownFileType = sourcecode.swift; path = TravelChattingListViewController.swift; sourceTree = "<group>"; };
		7BDD67712B5166420044341D /* TravelTalkDesign.swift */ = {isa = PBXFileReference; lastKnownFileType = sourcecode.swift; path = TravelTalkDesign.swift; sourceTree = "<group>"; };
		7BDD67742B517E4F0044341D /* ChattingRoomStoryboard.storyboard */ = {isa = PBXFileReference; lastKnownFileType = file.storyboard; path = ChattingRoomStoryboard.storyboard; sourceTree = "<group>"; };
		7BDD67762B51886D0044341D /* LeftUserChattingTableViewCell.swift */ = {isa = PBXFileReference; lastKnownFileType = sourcecode.swift; path = LeftUserChattingTableViewCell.swift; sourceTree = "<group>"; };
		7BDD67772B51886D0044341D /* LeftUserChattingTableViewCell.xib */ = {isa = PBXFileReference; lastKnownFileType = file.xib; path = LeftUserChattingTableViewCell.xib; sourceTree = "<group>"; };
		7BDD677A2B5188D20044341D /* ChattingRoomViewController.swift */ = {isa = PBXFileReference; lastKnownFileType = sourcecode.swift; path = ChattingRoomViewController.swift; sourceTree = "<group>"; };
/* End PBXFileReference section */

/* Begin PBXFrameworksBuildPhase section */
		7BDD67412B512EA10044341D /* Frameworks */ = {
			isa = PBXFrameworksBuildPhase;
			buildActionMask = 2147483647;
			files = (
				7BDD676F2B5140700044341D /* Kingfisher in Frameworks */,
			);
			runOnlyForDeploymentPostprocessing = 0;
		};
/* End PBXFrameworksBuildPhase section */

/* Begin PBXGroup section */
		7BDD673B2B512EA10044341D = {
			isa = PBXGroup;
			children = (
				7BDD67462B512EA20044341D /* TravelChat */,
				7BDD67452B512EA20044341D /* Products */,
			);
			sourceTree = "<group>";
		};
		7BDD67452B512EA20044341D /* Products */ = {
			isa = PBXGroup;
			children = (
				7BDD67442B512EA20044341D /* TravelChat.app */,
			);
			name = Products;
			sourceTree = "<group>";
		};
		7BDD67462B512EA20044341D /* TravelChat */ = {
			isa = PBXGroup;
			children = (
				7BDD67732B517E150044341D /* View */,
				7BDD67702B5162790044341D /* designModel */,
				7BDD67622B5134650044341D /* Cells */,
				7BDD675F2B512FD90044341D /* Model */,
				7BDD675C2B512F010044341D /* TTravelChatScreen */,
				7BDD675B2B512EB20044341D /* TravelChattingList */,
				7BDD67472B512EA20044341D /* AppDelegate.swift */,
				7BDD67492B512EA20044341D /* SceneDelegate.swift */,
				7BDD674B2B512EA20044341D /* ViewController.swift */,
				7BDD67502B512EA40044341D /* Assets.xcassets */,
				7BDD67522B512EA40044341D /* LaunchScreen.storyboard */,
				7BDD67552B512EA40044341D /* Info.plist */,
			);
			path = TravelChat;
			sourceTree = "<group>";
		};
		7BDD675B2B512EB20044341D /* TravelChattingList */ = {
			isa = PBXGroup;
			children = (
				7BDD674D2B512EA20044341D /* Main.storyboard */,
				7BDD676B2B513C530044341D /* TravelChattingListViewController.swift */,
			);
			path = TravelChattingList;
			sourceTree = "<group>";
		};
		7BDD675C2B512F010044341D /* TTravelChatScreen */ = {
			isa = PBXGroup;
			children = (
			);
			path = TTravelChatScreen;
			sourceTree = "<group>";
		};
		7BDD675F2B512FD90044341D /* Model */ = {
			isa = PBXGroup;
			children = (
				7BDD675D2B512FB80044341D /* ChattingData.swift */,
			);
			path = Model;
			sourceTree = "<group>";
		};
		7BDD67622B5134650044341D /* Cells */ = {
			isa = PBXGroup;
			children = (
				7BDD67652B5134DF0044341D /* TravelChattingListTableViewCell.swift */,
				7BDD67662B5134DF0044341D /* TravelChattingListTableViewCell.xib */,
				7BDD67762B51886D0044341D /* LeftUserChattingTableViewCell.swift */,
				7BDD67772B51886D0044341D /* LeftUserChattingTableViewCell.xib */,
			);
			path = Cells;
			sourceTree = "<group>";
		};
		7BDD67702B5162790044341D /* designModel */ = {
			isa = PBXGroup;
			children = (
				7BDD67712B5166420044341D /* TravelTalkDesign.swift */,
			);
			path = designModel;
			sourceTree = "<group>";
		};
		7BDD67732B517E150044341D /* View */ = {
			isa = PBXGroup;
			children = (
				7BDD67742B517E4F0044341D /* ChattingRoomStoryboard.storyboard */,
				7BDD677A2B5188D20044341D /* ChattingRoomViewController.swift */,
			);
			path = View;
			sourceTree = "<group>";
		};
/* End PBXGroup section */

/* Begin PBXNativeTarget section */
		7BDD67432B512EA10044341D /* TravelChat */ = {
			isa = PBXNativeTarget;
			buildConfigurationList = 7BDD67582B512EA40044341D /* Build configuration list for PBXNativeTarget "TravelChat" */;
			buildPhases = (
				7BDD67402B512EA10044341D /* Sources */,
				7BDD67412B512EA10044341D /* Frameworks */,
				7BDD67422B512EA10044341D /* Resources */,
			);
			buildRules = (
			);
			dependencies = (
			);
			name = TravelChat;
			packageProductDependencies = (
				7BDD676E2B5140700044341D /* Kingfisher */,
			);
			productName = TravelChat;
			productReference = 7BDD67442B512EA20044341D /* TravelChat.app */;
			productType = "com.apple.product-type.application";
		};
/* End PBXNativeTarget section */

/* Begin PBXProject section */
		7BDD673C2B512EA10044341D /* Project object */ = {
			isa = PBXProject;
			attributes = {
				BuildIndependentTargetsInParallel = 1;
				LastSwiftUpdateCheck = 1510;
				LastUpgradeCheck = 1510;
				TargetAttributes = {
					7BDD67432B512EA10044341D = {
						CreatedOnToolsVersion = 15.1;
					};
				};
			};
			buildConfigurationList = 7BDD673F2B512EA10044341D /* Build configuration list for PBXProject "TravelChat" */;
			compatibilityVersion = "Xcode 14.0";
			developmentRegion = en;
			hasScannedForEncodings = 0;
			knownRegions = (
				en,
				Base,
			);
			mainGroup = 7BDD673B2B512EA10044341D;
			packageReferences = (
				7BDD676D2B5140700044341D /* XCRemoteSwiftPackageReference "Kingfisher" */,
			);
			productRefGroup = 7BDD67452B512EA20044341D /* Products */;
			projectDirPath = "";
			projectRoot = "";
			targets = (
				7BDD67432B512EA10044341D /* TravelChat */,
			);
		};
/* End PBXProject section */

/* Begin PBXResourcesBuildPhase section */
		7BDD67422B512EA10044341D /* Resources */ = {
			isa = PBXResourcesBuildPhase;
			buildActionMask = 2147483647;
			files = (
				7BDD67542B512EA40044341D /* LaunchScreen.storyboard in Resources */,
				7BDD67512B512EA40044341D /* Assets.xcassets in Resources */,
				7BDD674F2B512EA20044341D /* Main.storyboard in Resources */,
				7BDD67792B51886D0044341D /* LeftUserChattingTableViewCell.xib in Resources */,
				7BDD67682B5134DF0044341D /* TravelChattingListTableViewCell.xib in Resources */,
				7BDD67752B517E4F0044341D /* ChattingRoomStoryboard.storyboard in Resources */,
			);
			runOnlyForDeploymentPostprocessing = 0;
		};
/* End PBXResourcesBuildPhase section */

/* Begin PBXSourcesBuildPhase section */
		7BDD67402B512EA10044341D /* Sources */ = {
			isa = PBXSourcesBuildPhase;
			buildActionMask = 2147483647;
			files = (
				7BDD67672B5134DF0044341D /* TravelChattingListTableViewCell.swift in Sources */,
				7BDD674C2B512EA20044341D /* ViewController.swift in Sources */,
				7BDD676C2B513C530044341D /* TravelChattingListViewController.swift in Sources */,
				7BDD677B2B5188D20044341D /* ChattingRoomViewController.swift in Sources */,
				7BDD675E2B512FB80044341D /* ChattingData.swift in Sources */,
				7BDD67482B512EA20044341D /* AppDelegate.swift in Sources */,
				7BDD67782B51886D0044341D /* LeftUserChattingTableViewCell.swift in Sources */,
				7BDD674A2B512EA20044341D /* SceneDelegate.swift in Sources */,
				7BDD67722B5166420044341D /* TravelTalkDesign.swift in Sources */,
			);
			runOnlyForDeploymentPostprocessing = 0;
		};
/* End PBXSourcesBuildPhase section */

/* Begin PBXVariantGroup section */
		7BDD674D2B512EA20044341D /* Main.storyboard */ = {
			isa = PBXVariantGroup;
			children = (
				7BDD674E2B512EA20044341D /* Base */,
			);
			name = Main.storyboard;
			sourceTree = "<group>";
		};
		7BDD67522B512EA40044341D /* LaunchScreen.storyboard */ = {
			isa = PBXVariantGroup;
			children = (
				7BDD67532B512EA40044341D /* Base */,
			);
			name = LaunchScreen.storyboard;
			sourceTree = "<group>";
		};
/* End PBXVariantGroup section */

/* Begin XCBuildConfiguration section */
		7BDD67562B512EA40044341D /* Debug */ = {
			isa = XCBuildConfiguration;
			buildSettings = {
				ALWAYS_SEARCH_USER_PATHS = NO;
				ASSETCATALOG_COMPILER_GENERATE_SWIFT_ASSET_SYMBOL_EXTENSIONS = YES;
				CLANG_ANALYZER_NONNULL = YES;
				CLANG_ANALYZER_NUMBER_OBJECT_CONVERSION = YES_AGGRESSIVE;
				CLANG_CXX_LANGUAGE_STANDARD = "gnu++20";
				CLANG_ENABLE_MODULES = YES;
				CLANG_ENABLE_OBJC_ARC = YES;
				CLANG_ENABLE_OBJC_WEAK = YES;
				CLANG_WARN_BLOCK_CAPTURE_AUTORELEASING = YES;
				CLANG_WARN_BOOL_CONVERSION = YES;
				CLANG_WARN_COMMA = YES;
				CLANG_WARN_CONSTANT_CONVERSION = YES;
				CLANG_WARN_DEPRECATED_OBJC_IMPLEMENTATIONS = YES;
				CLANG_WARN_DIRECT_OBJC_ISA_USAGE = YES_ERROR;
				CLANG_WARN_DOCUMENTATION_COMMENTS = YES;
				CLANG_WARN_EMPTY_BODY = YES;
				CLANG_WARN_ENUM_CONVERSION = YES;
				CLANG_WARN_INFINITE_RECURSION = YES;
				CLANG_WARN_INT_CONVERSION = YES;
				CLANG_WARN_NON_LITERAL_NULL_CONVERSION = YES;
				CLANG_WARN_OBJC_IMPLICIT_RETAIN_SELF = YES;
				CLANG_WARN_OBJC_LITERAL_CONVERSION = YES;
				CLANG_WARN_OBJC_ROOT_CLASS = YES_ERROR;
				CLANG_WARN_QUOTED_INCLUDE_IN_FRAMEWORK_HEADER = YES;
				CLANG_WARN_RANGE_LOOP_ANALYSIS = YES;
				CLANG_WARN_STRICT_PROTOTYPES = YES;
				CLANG_WARN_SUSPICIOUS_MOVE = YES;
				CLANG_WARN_UNGUARDED_AVAILABILITY = YES_AGGRESSIVE;
				CLANG_WARN_UNREACHABLE_CODE = YES;
				CLANG_WARN__DUPLICATE_METHOD_MATCH = YES;
				COPY_PHASE_STRIP = NO;
				DEBUG_INFORMATION_FORMAT = dwarf;
				ENABLE_STRICT_OBJC_MSGSEND = YES;
				ENABLE_TESTABILITY = YES;
				ENABLE_USER_SCRIPT_SANDBOXING = YES;
				GCC_C_LANGUAGE_STANDARD = gnu17;
				GCC_DYNAMIC_NO_PIC = NO;
				GCC_NO_COMMON_BLOCKS = YES;
				GCC_OPTIMIZATION_LEVEL = 0;
				GCC_PREPROCESSOR_DEFINITIONS = (
					"DEBUG=1",
					"$(inherited)",
				);
				GCC_WARN_64_TO_32_BIT_CONVERSION = YES;
				GCC_WARN_ABOUT_RETURN_TYPE = YES_ERROR;
				GCC_WARN_UNDECLARED_SELECTOR = YES;
				GCC_WARN_UNINITIALIZED_AUTOS = YES_AGGRESSIVE;
				GCC_WARN_UNUSED_FUNCTION = YES;
				GCC_WARN_UNUSED_VARIABLE = YES;
				IPHONEOS_DEPLOYMENT_TARGET = 17.2;
				LOCALIZATION_PREFERS_STRING_CATALOGS = YES;
				MTL_ENABLE_DEBUG_INFO = INCLUDE_SOURCE;
				MTL_FAST_MATH = YES;
				ONLY_ACTIVE_ARCH = YES;
				SDKROOT = iphoneos;
				SWIFT_ACTIVE_COMPILATION_CONDITIONS = "DEBUG $(inherited)";
				SWIFT_OPTIMIZATION_LEVEL = "-Onone";
			};
			name = Debug;
		};
		7BDD67572B512EA40044341D /* Release */ = {
			isa = XCBuildConfiguration;
			buildSettings = {
				ALWAYS_SEARCH_USER_PATHS = NO;
				ASSETCATALOG_COMPILER_GENERATE_SWIFT_ASSET_SYMBOL_EXTENSIONS = YES;
				CLANG_ANALYZER_NONNULL = YES;
				CLANG_ANALYZER_NUMBER_OBJECT_CONVERSION = YES_AGGRESSIVE;
				CLANG_CXX_LANGUAGE_STANDARD = "gnu++20";
				CLANG_ENABLE_MODULES = YES;
				CLANG_ENABLE_OBJC_ARC = YES;
				CLANG_ENABLE_OBJC_WEAK = YES;
				CLANG_WARN_BLOCK_CAPTURE_AUTORELEASING = YES;
				CLANG_WARN_BOOL_CONVERSION = YES;
				CLANG_WARN_COMMA = YES;
				CLANG_WARN_CONSTANT_CONVERSION = YES;
				CLANG_WARN_DEPRECATED_OBJC_IMPLEMENTATIONS = YES;
				CLANG_WARN_DIRECT_OBJC_ISA_USAGE = YES_ERROR;
				CLANG_WARN_DOCUMENTATION_COMMENTS = YES;
				CLANG_WARN_EMPTY_BODY = YES;
				CLANG_WARN_ENUM_CONVERSION = YES;
				CLANG_WARN_INFINITE_RECURSION = YES;
				CLANG_WARN_INT_CONVERSION = YES;
				CLANG_WARN_NON_LITERAL_NULL_CONVERSION = YES;
				CLANG_WARN_OBJC_IMPLICIT_RETAIN_SELF = YES;
				CLANG_WARN_OBJC_LITERAL_CONVERSION = YES;
				CLANG_WARN_OBJC_ROOT_CLASS = YES_ERROR;
				CLANG_WARN_QUOTED_INCLUDE_IN_FRAMEWORK_HEADER = YES;
				CLANG_WARN_RANGE_LOOP_ANALYSIS = YES;
				CLANG_WARN_STRICT_PROTOTYPES = YES;
				CLANG_WARN_SUSPICIOUS_MOVE = YES;
				CLANG_WARN_UNGUARDED_AVAILABILITY = YES_AGGRESSIVE;
				CLANG_WARN_UNREACHABLE_CODE = YES;
				CLANG_WARN__DUPLICATE_METHOD_MATCH = YES;
				COPY_PHASE_STRIP = NO;
				DEBUG_INFORMATION_FORMAT = "dwarf-with-dsym";
				ENABLE_NS_ASSERTIONS = NO;
				ENABLE_STRICT_OBJC_MSGSEND = YES;
				ENABLE_USER_SCRIPT_SANDBOXING = YES;
				GCC_C_LANGUAGE_STANDARD = gnu17;
				GCC_NO_COMMON_BLOCKS = YES;
				GCC_WARN_64_TO_32_BIT_CONVERSION = YES;
				GCC_WARN_ABOUT_RETURN_TYPE = YES_ERROR;
				GCC_WARN_UNDECLARED_SELECTOR = YES;
				GCC_WARN_UNINITIALIZED_AUTOS = YES_AGGRESSIVE;
				GCC_WARN_UNUSED_FUNCTION = YES;
				GCC_WARN_UNUSED_VARIABLE = YES;
				IPHONEOS_DEPLOYMENT_TARGET = 17.2;
				LOCALIZATION_PREFERS_STRING_CATALOGS = YES;
				MTL_ENABLE_DEBUG_INFO = NO;
				MTL_FAST_MATH = YES;
				SDKROOT = iphoneos;
				SWIFT_COMPILATION_MODE = wholemodule;
				VALIDATE_PRODUCT = YES;
			};
			name = Release;
		};
		7BDD67592B512EA40044341D /* Debug */ = {
			isa = XCBuildConfiguration;
			buildSettings = {
				ASSETCATALOG_COMPILER_APPICON_NAME = AppIcon;
				ASSETCATALOG_COMPILER_GLOBAL_ACCENT_COLOR_NAME = AccentColor;
				CODE_SIGN_STYLE = Automatic;
				CURRENT_PROJECT_VERSION = 1;
				DEVELOPMENT_TEAM = H25F4B7J4U;
				GENERATE_INFOPLIST_FILE = YES;
				INFOPLIST_FILE = TravelChat/Info.plist;
				INFOPLIST_KEY_UIApplicationSupportsIndirectInputEvents = YES;
				INFOPLIST_KEY_UILaunchStoryboardName = LaunchScreen;
				INFOPLIST_KEY_UIMainStoryboardFile = Main;
				INFOPLIST_KEY_UISupportedInterfaceOrientations_iPad = "UIInterfaceOrientationPortrait UIInterfaceOrientationPortraitUpsideDown UIInterfaceOrientationLandscapeLeft UIInterfaceOrientationLandscapeRight";
				INFOPLIST_KEY_UISupportedInterfaceOrientations_iPhone = "UIInterfaceOrientationPortrait UIInterfaceOrientationLandscapeLeft UIInterfaceOrientationLandscapeRight";
				LD_RUNPATH_SEARCH_PATHS = (
					"$(inherited)",
					"@executable_path/Frameworks",
				);
				MARKETING_VERSION = 1.0;
				PRODUCT_BUNDLE_IDENTIFIER = com.SilverGun.TravelChat;
				PRODUCT_NAME = "$(TARGET_NAME)";
				SUPPORTED_PLATFORMS = "iphoneos iphonesimulator";
				SUPPORTS_MACCATALYST = NO;
				SUPPORTS_MAC_DESIGNED_FOR_IPHONE_IPAD = NO;
				SWIFT_EMIT_LOC_STRINGS = YES;
				SWIFT_VERSION = 5.0;
				TARGETED_DEVICE_FAMILY = 1;
			};
			name = Debug;
		};
		7BDD675A2B512EA40044341D /* Release */ = {
			isa = XCBuildConfiguration;
			buildSettings = {
				ASSETCATALOG_COMPILER_APPICON_NAME = AppIcon;
				ASSETCATALOG_COMPILER_GLOBAL_ACCENT_COLOR_NAME = AccentColor;
				CODE_SIGN_STYLE = Automatic;
				CURRENT_PROJECT_VERSION = 1;
				DEVELOPMENT_TEAM = H25F4B7J4U;
				GENERATE_INFOPLIST_FILE = YES;
				INFOPLIST_FILE = TravelChat/Info.plist;
				INFOPLIST_KEY_UIApplicationSupportsIndirectInputEvents = YES;
				INFOPLIST_KEY_UILaunchStoryboardName = LaunchScreen;
				INFOPLIST_KEY_UIMainStoryboardFile = Main;
				INFOPLIST_KEY_UISupportedInterfaceOrientations_iPad = "UIInterfaceOrientationPortrait UIInterfaceOrientationPortraitUpsideDown UIInterfaceOrientationLandscapeLeft UIInterfaceOrientationLandscapeRight";
				INFOPLIST_KEY_UISupportedInterfaceOrientations_iPhone = "UIInterfaceOrientationPortrait UIInterfaceOrientationLandscapeLeft UIInterfaceOrientationLandscapeRight";
				LD_RUNPATH_SEARCH_PATHS = (
					"$(inherited)",
					"@executable_path/Frameworks",
				);
				MARKETING_VERSION = 1.0;
				PRODUCT_BUNDLE_IDENTIFIER = com.SilverGun.TravelChat;
				PRODUCT_NAME = "$(TARGET_NAME)";
				SUPPORTED_PLATFORMS = "iphoneos iphonesimulator";
				SUPPORTS_MACCATALYST = NO;
				SUPPORTS_MAC_DESIGNED_FOR_IPHONE_IPAD = NO;
				SWIFT_EMIT_LOC_STRINGS = YES;
				SWIFT_VERSION = 5.0;
				TARGETED_DEVICE_FAMILY = 1;
			};
			name = Release;
		};
/* End XCBuildConfiguration section */

/* Begin XCConfigurationList section */
		7BDD673F2B512EA10044341D /* Build configuration list for PBXProject "TravelChat" */ = {
			isa = XCConfigurationList;
			buildConfigurations = (
				7BDD67562B512EA40044341D /* Debug */,
				7BDD67572B512EA40044341D /* Release */,
			);
			defaultConfigurationIsVisible = 0;
			defaultConfigurationName = Release;
		};
		7BDD67582B512EA40044341D /* Build configuration list for PBXNativeTarget "TravelChat" */ = {
			isa = XCConfigurationList;
			buildConfigurations = (
				7BDD67592B512EA40044341D /* Debug */,
				7BDD675A2B512EA40044341D /* Release */,
			);
			defaultConfigurationIsVisible = 0;
			defaultConfigurationName = Release;
		};
/* End XCConfigurationList section */

/* Begin XCRemoteSwiftPackageReference section */
		7BDD676D2B5140700044341D /* XCRemoteSwiftPackageReference "Kingfisher" */ = {
			isa = XCRemoteSwiftPackageReference;
			repositoryURL = "https://github.com/onevcat/Kingfisher.git";
			requirement = {
				kind = upToNextMajorVersion;
				minimumVersion = 7.10.2;
			};
		};
/* End XCRemoteSwiftPackageReference section */

/* Begin XCSwiftPackageProductDependency section */
		7BDD676E2B5140700044341D /* Kingfisher */ = {
			isa = XCSwiftPackageProductDependency;
			package = 7BDD676D2B5140700044341D /* XCRemoteSwiftPackageReference "Kingfisher" */;
			productName = Kingfisher;
		};
/* End XCSwiftPackageProductDependency section */
	};
	rootObject = 7BDD673C2B512EA10044341D /* Project object */;
}
